
Microsoft Visual Studio Solution File, Format Version 12.00
# Visual Studio Version 17
VisualStudioVersion = 17.8.34601.278
MinimumVisualStudioVersion = 10.0.40219.1
Project("{FAE04EC0-301F-11D3-BF4B-00C04F79EFBC}") = "OEL2", "OEL2\OEL2.csproj", "{34DD06F2-4E5F-4A88-A2A3-BB63F48C8DE9}"
EndProject
Global
	GlobalSection(SolutionConfigurationPlatforms) = preSolution
		Debug|Any CPU = Debug|Any CPU
		Release|Any CPU = Release|Any CPU
	EndGlobalSection
	GlobalSection(ProjectConfigurationPlatforms) = postSolution
		{34DD06F2-4E5F-4A88-A2A3-BB63F48C8DE9}.Debug|Any CPU.ActiveCfg = Debug|Any CPU
		{34DD06F2-4E5F-4A88-A2A3-BB63F48C8DE9}.Debug|Any CPU.Build.0 = Debug|Any CPU
		{34DD06F2-4E5F-4A88-A2A3-BB63F48C8DE9}.Release|Any CPU.ActiveCfg = Release|Any CPU
		{34DD06F2-4E5F-4A88-A2A3-BB63F48C8DE9}.Release|Any CPU.Build.0 = Release|Any CPU
	EndGlobalSection
	GlobalSection(SolutionProperties) = preSolution
		HideSolutionNode = FALSE
	EndGlobalSection
	GlobalSection(ExtensibilityGlobals) = postSolution
		SolutionGuid = {0F6740A4-1731-4293-B708-0429013C15B5}
	EndGlobalSection
EndGlobal
